
Microsoft Visual Studio Solution File, Format Version 12.00
# Visual Studio 14
VisualStudioVersion = 14.0.24720.0
MinimumVisualStudioVersion = 10.0.40219.1
Project("{FAE04EC0-301F-11D3-BF4B-00C04F79EFBC}") = "Intel.BikeRental.ConsoleClient", "Intel.BikeRental.ConsoleClient\Intel.BikeRental.ConsoleClient.csproj", "{F1A991B3-F22C-44C0-8E3D-DFAFE3D553A2}"
EndProject
Project("{FAE04EC0-301F-11D3-BF4B-00C04F79EFBC}") = "Intel.BikeRental.Models", "Intel.BikeRental.Models\Intel.BikeRental.Models.csproj", "{DF57ACBF-BDF2-4A0A-A39E-45B51B87F8C6}"
EndProject
Project("{FAE04EC0-301F-11D3-BF4B-00C04F79EFBC}") = "Intel.BikeRental.DAL", "Intel.BikeRental.DAL\Intel.BikeRental.DAL.csproj", "{53591744-429F-4809-A6F1-C14AC5B154DB}"
EndProject
Project("{FAE04EC0-301F-11D3-BF4B-00C04F79EFBC}") = "Intel.BikeRental.ConsoleClientAsync", "Intel.BikeRental.ConsoleClientAsync\Intel.BikeRental.ConsoleClientAsync.csproj", "{67C05110-04B2-4192-B662-0052D504FA16}"
EndProject
Global
	GlobalSection(SolutionConfigurationPlatforms) = preSolution
		Debug|Any CPU = Debug|Any CPU
		Release|Any CPU = Release|Any CPU
	EndGlobalSection
	GlobalSection(ProjectConfigurationPlatforms) = postSolution
		{F1A991B3-F22C-44C0-8E3D-DFAFE3D553A2}.Debug|Any CPU.ActiveCfg = Debug|Any CPU
		{F1A991B3-F22C-44C0-8E3D-DFAFE3D553A2}.Debug|Any CPU.Build.0 = Debug|Any CPU
		{F1A991B3-F22C-44C0-8E3D-DFAFE3D553A2}.Release|Any CPU.ActiveCfg = Release|Any CPU
		{F1A991B3-F22C-44C0-8E3D-DFAFE3D553A2}.Release|Any CPU.Build.0 = Release|Any CPU
		{DF57ACBF-BDF2-4A0A-A39E-45B51B87F8C6}.Debug|Any CPU.ActiveCfg = Debug|Any CPU
		{DF57ACBF-BDF2-4A0A-A39E-45B51B87F8C6}.Debug|Any CPU.Build.0 = Debug|Any CPU
		{DF57ACBF-BDF2-4A0A-A39E-45B51B87F8C6}.Release|Any CPU.ActiveCfg = Release|Any CPU
		{DF57ACBF-BDF2-4A0A-A39E-45B51B87F8C6}.Release|Any CPU.Build.0 = Release|Any CPU
		{53591744-429F-4809-A6F1-C14AC5B154DB}.Debug|Any CPU.ActiveCfg = Debug|Any CPU
		{53591744-429F-4809-A6F1-C14AC5B154DB}.Debug|Any CPU.Build.0 = Debug|Any CPU
		{53591744-429F-4809-A6F1-C14AC5B154DB}.Release|Any CPU.ActiveCfg = Release|Any CPU
		{53591744-429F-4809-A6F1-C14AC5B154DB}.Release|Any CPU.Build.0 = Release|Any CPU
		{67C05110-04B2-4192-B662-0052D504FA16}.Debug|Any CPU.ActiveCfg = Debug|Any CPU
		{67C05110-04B2-4192-B662-0052D504FA16}.Debug|Any CPU.Build.0 = Debug|Any CPU
		{67C05110-04B2-4192-B662-0052D504FA16}.Release|Any CPU.ActiveCfg = Release|Any CPU
		{67C05110-04B2-4192-B662-0052D504FA16}.Release|Any CPU.Build.0 = Release|Any CPU
	EndGlobalSection
	GlobalSection(SolutionProperties) = preSolution
		HideSolutionNode = FALSE
	EndGlobalSection
EndGlobal
